
Microsoft Visual Studio Solution File, Format Version 12.00
# Visual Studio Version 17
VisualStudioVersion = 17.12.35707.178 d17.12
MinimumVisualStudioVersion = 10.0.40219.1
Project("{FAE04EC0-301F-11D3-BF4B-00C04F79EFBC}") = "Umbraco", "Umbraco\Umbraco.csproj", "{EFE7CC83-0FDA-46D9-BFD3-63E23A16EC4E}"
EndProject
Project("{FAE04EC0-301F-11D3-BF4B-00C04F79EFBC}") = "UmbracoBridgeApi", "UmbracoBridgeApi\UmbracoBridgeApi.csproj", "{BCC6E251-57CC-434A-970C-C604807939A0}"
EndProject
Global
	GlobalSection(SolutionConfigurationPlatforms) = preSolution
		Debug|Any CPU = Debug|Any CPU
		Release|Any CPU = Release|Any CPU
	EndGlobalSection
	GlobalSection(ProjectConfigurationPlatforms) = postSolution
		{EFE7CC83-0FDA-46D9-BFD3-63E23A16EC4E}.Debug|Any CPU.ActiveCfg = Debug|Any CPU
		{EFE7CC83-0FDA-46D9-BFD3-63E23A16EC4E}.Debug|Any CPU.Build.0 = Debug|Any CPU
		{EFE7CC83-0FDA-46D9-BFD3-63E23A16EC4E}.Release|Any CPU.ActiveCfg = Release|Any CPU
		{EFE7CC83-0FDA-46D9-BFD3-63E23A16EC4E}.Release|Any CPU.Build.0 = Release|Any CPU
		{BCC6E251-57CC-434A-970C-C604807939A0}.Debug|Any CPU.ActiveCfg = Debug|Any CPU
		{BCC6E251-57CC-434A-970C-C604807939A0}.Debug|Any CPU.Build.0 = Debug|Any CPU
		{BCC6E251-57CC-434A-970C-C604807939A0}.Release|Any CPU.ActiveCfg = Release|Any CPU
		{BCC6E251-57CC-434A-970C-C604807939A0}.Release|Any CPU.Build.0 = Release|Any CPU
	EndGlobalSection
	GlobalSection(SolutionProperties) = preSolution
		HideSolutionNode = FALSE
	EndGlobalSection
EndGlobal
